
Microsoft Visual Studio Solution File, Format Version 12.00
# Visual Studio Version 16
VisualStudioVersion = 16.0.31613.86
MinimumVisualStudioVersion = 10.0.40219.1
Project("{FAE04EC0-301F-11D3-BF4B-00C04F79EFBC}") = "PrjMVCDay1", "PrjMVCDay1\PrjMVCDay1.csproj", "{A2E6F86A-8316-40A0-A6F0-89F895E926A5}"
EndProject
Global
	GlobalSection(SolutionConfigurationPlatforms) = preSolution
		Debug|Any CPU = Debug|Any CPU
		Release|Any CPU = Release|Any CPU
	EndGlobalSection
	GlobalSection(ProjectConfigurationPlatforms) = postSolution
		{A2E6F86A-8316-40A0-A6F0-89F895E926A5}.Debug|Any CPU.ActiveCfg = Debug|Any CPU
		{A2E6F86A-8316-40A0-A6F0-89F895E926A5}.Debug|Any CPU.Build.0 = Debug|Any CPU
		{A2E6F86A-8316-40A0-A6F0-89F895E926A5}.Release|Any CPU.ActiveCfg = Release|Any CPU
		{A2E6F86A-8316-40A0-A6F0-89F895E926A5}.Release|Any CPU.Build.0 = Release|Any CPU
	EndGlobalSection
	GlobalSection(SolutionProperties) = preSolution
		HideSolutionNode = FALSE
	EndGlobalSection
	GlobalSection(ExtensibilityGlobals) = postSolution
		SolutionGuid = {603548A4-5696-4DB4-B60A-6C97539ABA32}
	EndGlobalSection
EndGlobal
