
Microsoft Visual Studio Solution File, Format Version 12.00
# Visual Studio Version 16
VisualStudioVersion = 16.0.31613.86
MinimumVisualStudioVersion = 10.0.40219.1
Project("{FAE04EC0-301F-11D3-BF4B-00C04F79EFBC}") = "WebApiThreetireArchitecture", "WebApiThreetireArchitecture\WebApiThreetireArchitecture.csproj", "{B0C1637F-ED07-4E8E-AD9B-88A8BCB432CB}"
EndProject
Global
	GlobalSection(SolutionConfigurationPlatforms) = preSolution
		Debug|Any CPU = Debug|Any CPU
		Release|Any CPU = Release|Any CPU
	EndGlobalSection
	GlobalSection(ProjectConfigurationPlatforms) = postSolution
		{B0C1637F-ED07-4E8E-AD9B-88A8BCB432CB}.Debug|Any CPU.ActiveCfg = Debug|Any CPU
		{B0C1637F-ED07-4E8E-AD9B-88A8BCB432CB}.Debug|Any CPU.Build.0 = Debug|Any CPU
		{B0C1637F-ED07-4E8E-AD9B-88A8BCB432CB}.Release|Any CPU.ActiveCfg = Release|Any CPU
		{B0C1637F-ED07-4E8E-AD9B-88A8BCB432CB}.Release|Any CPU.Build.0 = Release|Any CPU
	EndGlobalSection
	GlobalSection(SolutionProperties) = preSolution
		HideSolutionNode = FALSE
	EndGlobalSection
	GlobalSection(ExtensibilityGlobals) = postSolution
		SolutionGuid = {3B25EDAD-3D41-4359-A2D1-9E48617BA20A}
	EndGlobalSection
EndGlobal
