
Microsoft Visual Studio Solution File, Format Version 12.00
# Visual Studio Version 16
VisualStudioVersion = 16.0.31613.86
MinimumVisualStudioVersion = 10.0.40219.1
Project("{FAE04EC0-301F-11D3-BF4B-00C04F79EFBC}") = "PrjMVCDay5", "PrjMVCDay5\PrjMVCDay5.csproj", "{76EC4DE1-7F14-4C98-BE67-D75BB0ECAE31}"
EndProject
Global
	GlobalSection(SolutionConfigurationPlatforms) = preSolution
		Debug|Any CPU = Debug|Any CPU
		Release|Any CPU = Release|Any CPU
	EndGlobalSection
	GlobalSection(ProjectConfigurationPlatforms) = postSolution
		{76EC4DE1-7F14-4C98-BE67-D75BB0ECAE31}.Debug|Any CPU.ActiveCfg = Debug|Any CPU
		{76EC4DE1-7F14-4C98-BE67-D75BB0ECAE31}.Debug|Any CPU.Build.0 = Debug|Any CPU
		{76EC4DE1-7F14-4C98-BE67-D75BB0ECAE31}.Release|Any CPU.ActiveCfg = Release|Any CPU
		{76EC4DE1-7F14-4C98-BE67-D75BB0ECAE31}.Release|Any CPU.Build.0 = Release|Any CPU
	EndGlobalSection
	GlobalSection(SolutionProperties) = preSolution
		HideSolutionNode = FALSE
	EndGlobalSection
	GlobalSection(ExtensibilityGlobals) = postSolution
		SolutionGuid = {29CAF669-B3E1-4B56-9D92-6024B82A5B33}
	EndGlobalSection
EndGlobal
